{
  "version": 4,
  "terraform_version": "0.12.9",
  "serial": 7,
  "lineage": "704ed0dc-83e7-6892-04ff-aff019a20b4b",
  "outputs": {
    "network_name": {
      "value": "example-vpc",
      "type": "string"
    },
    "network_self_link": {
      "value": "https://www.googleapis.com/compute/v1/projects/axial-radius-249202/global/networks/example-vpc",
      "type": "string"
    },
    "project_id": {
      "value": "axial-radius-249202",
      "type": "string"
    },
    "route_names": {
      "value": [
        "egress-internet"
      ],
      "type": [
        "tuple",
        [
          "string"
        ]
      ]
    },
    "subnets": {
      "value": {
        "us-west1/subnet-01": {
          "creation_timestamp": "2020-02-05T03:16:19.000-08:00",
          "description": "",
          "enable_flow_logs": null,
          "fingerprint": null,
          "gateway_address": "10.10.10.1",
          "id": "projects/axial-radius-249202/regions/us-west1/subnetworks/subnet-01",
          "ip_cidr_range": "10.10.10.0/24",
          "log_config": [],
          "name": "subnet-01",
          "network": "https://www.googleapis.com/compute/v1/projects/axial-radius-249202/global/networks/example-vpc",
          "private_ip_google_access": false,
          "project": "axial-radius-249202",
          "region": "us-west1",
          "secondary_ip_range": [
            {
              "ip_cidr_range": "192.168.64.0/24",
              "range_name": "subnet-01-secondary-01"
            }
          ],
          "self_link": "https://www.googleapis.com/compute/v1/projects/axial-radius-249202/regions/us-west1/subnetworks/subnet-01",
          "timeouts": null
        },
        "us-west1/subnet-02": {
          "creation_timestamp": "2020-02-05T03:16:18.694-08:00",
          "description": "This subnet has a description",
          "enable_flow_logs": null,
          "fingerprint": null,
          "gateway_address": "10.10.20.1",
          "id": "projects/axial-radius-249202/regions/us-west1/subnetworks/subnet-02",
          "ip_cidr_range": "10.10.20.0/24",
          "log_config": [
            {
              "aggregation_interval": "INTERVAL_5_SEC",
              "flow_sampling": 0.5,
              "metadata": "INCLUDE_ALL_METADATA"
            }
          ],
          "name": "subnet-02",
          "network": "https://www.googleapis.com/compute/v1/projects/axial-radius-249202/global/networks/example-vpc",
          "private_ip_google_access": true,
          "project": "axial-radius-249202",
          "region": "us-west1",
          "secondary_ip_range": [],
          "self_link": "https://www.googleapis.com/compute/v1/projects/axial-radius-249202/regions/us-west1/subnetworks/subnet-02",
          "timeouts": null
        },
        "us-west1/subnet-03": {
          "creation_timestamp": "2020-02-05T03:16:19.086-08:00",
          "description": "",
          "enable_flow_logs": null,
          "fingerprint": null,
          "gateway_address": "10.10.30.1",
          "id": "projects/axial-radius-249202/regions/us-west1/subnetworks/subnet-03",
          "ip_cidr_range": "10.10.30.0/24",
          "log_config": [
            {
              "aggregation_interval": "INTERVAL_10_MIN",
              "flow_sampling": 0.7,
              "metadata": "INCLUDE_ALL_METADATA"
            }
          ],
          "name": "subnet-03",
          "network": "https://www.googleapis.com/compute/v1/projects/axial-radius-249202/global/networks/example-vpc",
          "private_ip_google_access": false,
          "project": "axial-radius-249202",
          "region": "us-west1",
          "secondary_ip_range": [],
          "self_link": "https://www.googleapis.com/compute/v1/projects/axial-radius-249202/regions/us-west1/subnetworks/subnet-03",
          "timeouts": null
        }
      },
      "type": [
        "object",
        {
          "us-west1/subnet-01": [
            "object",
            {
              "creation_timestamp": "string",
              "description": "string",
              "enable_flow_logs": "bool",
              "fingerprint": "string",
              "gateway_address": "string",
              "id": "string",
              "ip_cidr_range": "string",
              "log_config": [
                "list",
                [
                  "object",
                  {
                    "aggregation_interval": "string",
                    "flow_sampling": "number",
                    "metadata": "string"
                  }
                ]
              ],
              "name": "string",
              "network": "string",
              "private_ip_google_access": "bool",
              "project": "string",
              "region": "string",
              "secondary_ip_range": [
                "list",
                [
                  "object",
                  {
                    "ip_cidr_range": "string",
                    "range_name": "string"
                  }
                ]
              ],
              "self_link": "string",
              "timeouts": [
                "object",
                {
                  "create": "string",
                  "delete": "string",
                  "update": "string"
                }
              ]
            }
          ],
          "us-west1/subnet-02": [
            "object",
            {
              "creation_timestamp": "string",
              "description": "string",
              "enable_flow_logs": "bool",
              "fingerprint": "string",
              "gateway_address": "string",
              "id": "string",
              "ip_cidr_range": "string",
              "log_config": [
                "list",
                [
                  "object",
                  {
                    "aggregation_interval": "string",
                    "flow_sampling": "number",
                    "metadata": "string"
                  }
                ]
              ],
              "name": "string",
              "network": "string",
              "private_ip_google_access": "bool",
              "project": "string",
              "region": "string",
              "secondary_ip_range": [
                "list",
                [
                  "object",
                  {
                    "ip_cidr_range": "string",
                    "range_name": "string"
                  }
                ]
              ],
              "self_link": "string",
              "timeouts": [
                "object",
                {
                  "create": "string",
                  "delete": "string",
                  "update": "string"
                }
              ]
            }
          ],
          "us-west1/subnet-03": [
            "object",
            {
              "creation_timestamp": "string",
              "description": "string",
              "enable_flow_logs": "bool",
              "fingerprint": "string",
              "gateway_address": "string",
              "id": "string",
              "ip_cidr_range": "string",
              "log_config": [
                "list",
                [
                  "object",
                  {
                    "aggregation_interval": "string",
                    "flow_sampling": "number",
                    "metadata": "string"
                  }
                ]
              ],
              "name": "string",
              "network": "string",
              "private_ip_google_access": "bool",
              "project": "string",
              "region": "string",
              "secondary_ip_range": [
                "list",
                [
                  "object",
                  {
                    "ip_cidr_range": "string",
                    "range_name": "string"
                  }
                ]
              ],
              "self_link": "string",
              "timeouts": [
                "object",
                {
                  "create": "string",
                  "delete": "string",
                  "update": "string"
                }
              ]
            }
          ]
        }
      ]
    },
    "subnets_flow_logs": {
      "value": [
        false,
        true,
        true
      ],
      "type": [
        "tuple",
        [
          "bool",
          "bool",
          "bool"
        ]
      ]
    },
    "subnets_ips": {
      "value": [
        "10.10.10.0/24",
        "10.10.20.0/24",
        "10.10.30.0/24"
      ],
      "type": [
        "tuple",
        [
          "string",
          "string",
          "string"
        ]
      ]
    },
    "subnets_names": {
      "value": [
        "subnet-01",
        "subnet-02",
        "subnet-03"
      ],
      "type": [
        "tuple",
        [
          "string",
          "string",
          "string"
        ]
      ]
    },
    "subnets_secondary_ranges": {
      "value": [
        [
          {
            "ip_cidr_range": "192.168.64.0/24",
            "range_name": "subnet-01-secondary-01"
          }
        ],
        [],
        []
      ],
      "type": [
        "tuple",
        [
          [
            "list",
            [
              "object",
              {
                "ip_cidr_range": "string",
                "range_name": "string"
              }
            ]
          ],
          [
            "list",
            [
              "object",
              {
                "ip_cidr_range": "string",
                "range_name": "string"
              }
            ]
          ],
          [
            "list",
            [
              "object",
              {
                "ip_cidr_range": "string",
                "range_name": "string"
              }
            ]
          ]
        ]
      ]
    },
    "subnets_self_links": {
      "value": [
        "https://www.googleapis.com/compute/v1/projects/axial-radius-249202/regions/us-west1/subnetworks/subnet-01",
        "https://www.googleapis.com/compute/v1/projects/axial-radius-249202/regions/us-west1/subnetworks/subnet-02",
        "https://www.googleapis.com/compute/v1/projects/axial-radius-249202/regions/us-west1/subnetworks/subnet-03"
      ],
      "type": [
        "tuple",
        [
          "string",
          "string",
          "string"
        ]
      ]
    }
  },
  "resources": [
    {
      "module": "module.vpc.module.vpc",
      "mode": "managed",
      "type": "google_compute_network",
      "name": "network",
      "provider": "provider.google",
      "instances": [
        {
          "schema_version": 0,
          "attributes": {
            "auto_create_subnetworks": false,
            "delete_default_routes_on_create": false,
            "description": "",
            "gateway_ipv4": "",
            "id": "projects/axial-radius-249202/global/networks/example-vpc",
            "ipv4_range": null,
            "name": "example-vpc",
            "project": "axial-radius-249202",
            "routing_mode": "GLOBAL",
            "self_link": "https://www.googleapis.com/compute/v1/projects/axial-radius-249202/global/networks/example-vpc",
            "timeouts": null
          },
          "private": "eyJlMmJmYjczMC1lY2FhLTExZTYtOGY4OC0zNDM2M2JjN2M0YzAiOnsiY3JlYXRlIjoyNDAwMDAwMDAwMDAsImRlbGV0ZSI6MjQwMDAwMDAwMDAwLCJ1cGRhdGUiOjI0MDAwMDAwMDAwMH19"
        }
      ]
    },
    {
      "module": "module.vpc.module.routes",
      "mode": "managed",
      "type": "google_compute_route",
      "name": "route",
      "each": "map",
      "provider": "provider.google",
      "instances": [
        {
          "index_key": "egress-internet",
          "schema_version": 0,
          "attributes": {
            "description": "route through IGW to access internet",
            "dest_range": "0.0.0.0/0",
            "id": "projects/axial-radius-249202/global/routes/egress-internet",
            "name": "egress-internet",
            "network": "https://www.googleapis.com/compute/v1/projects/axial-radius-249202/global/networks/example-vpc",
            "next_hop_gateway": "https://www.googleapis.com/compute/v1/projects/axial-radius-249202/global/gateways/default-internet-gateway",
            "next_hop_ilb": "",
            "next_hop_instance": "",
            "next_hop_instance_zone": null,
            "next_hop_ip": "",
            "next_hop_network": "",
            "next_hop_vpn_tunnel": "",
            "priority": 1000,
            "project": "axial-radius-249202",
            "self_link": "https://www.googleapis.com/compute/v1/projects/axial-radius-249202/global/routes/egress-internet",
            "tags": [
              "egress-inet"
            ],
            "timeouts": null
          },
          "private": "eyJlMmJmYjczMC1lY2FhLTExZTYtOGY4OC0zNDM2M2JjN2M0YzAiOnsiY3JlYXRlIjoyNDAwMDAwMDAwMDAsImRlbGV0ZSI6MjQwMDAwMDAwMDAwfX0="
        }
      ]
    },
    {
      "module": "module.vpc.module.vpc",
      "mode": "managed",
      "type": "google_compute_shared_vpc_host_project",
      "name": "shared_vpc_host",
      "each": "list",
      "provider": "provider.google",
      "instances": []
    },
    {
      "module": "module.vpc.module.subnets",
      "mode": "managed",
      "type": "google_compute_subnetwork",
      "name": "subnetwork",
      "each": "map",
      "provider": "provider.google",
      "instances": [
        {
          "index_key": "us-west1/subnet-01",
          "schema_version": 0,
          "attributes": {
            "creation_timestamp": "2020-02-05T03:16:19.000-08:00",
            "description": "",
            "enable_flow_logs": null,
            "fingerprint": null,
            "gateway_address": "10.10.10.1",
            "id": "projects/axial-radius-249202/regions/us-west1/subnetworks/subnet-01",
            "ip_cidr_range": "10.10.10.0/24",
            "log_config": [],
            "name": "subnet-01",
            "network": "https://www.googleapis.com/compute/v1/projects/axial-radius-249202/global/networks/example-vpc",
            "private_ip_google_access": false,
            "project": "axial-radius-249202",
            "region": "us-west1",
            "secondary_ip_range": [
              {
                "ip_cidr_range": "192.168.64.0/24",
                "range_name": "subnet-01-secondary-01"
              }
            ],
            "self_link": "https://www.googleapis.com/compute/v1/projects/axial-radius-249202/regions/us-west1/subnetworks/subnet-01",
            "timeouts": null
          },
          "private": "eyJlMmJmYjczMC1lY2FhLTExZTYtOGY4OC0zNDM2M2JjN2M0YzAiOnsiY3JlYXRlIjozNjAwMDAwMDAwMDAsImRlbGV0ZSI6MzYwMDAwMDAwMDAwLCJ1cGRhdGUiOjM2MDAwMDAwMDAwMH19"
        },
        {
          "index_key": "us-west1/subnet-02",
          "schema_version": 0,
          "attributes": {
            "creation_timestamp": "2020-02-05T03:16:18.694-08:00",
            "description": "This subnet has a description",
            "enable_flow_logs": null,
            "fingerprint": null,
            "gateway_address": "10.10.20.1",
            "id": "projects/axial-radius-249202/regions/us-west1/subnetworks/subnet-02",
            "ip_cidr_range": "10.10.20.0/24",
            "log_config": [
              {
                "aggregation_interval": "INTERVAL_5_SEC",
                "flow_sampling": 0.5,
                "metadata": "INCLUDE_ALL_METADATA"
              }
            ],
            "name": "subnet-02",
            "network": "https://www.googleapis.com/compute/v1/projects/axial-radius-249202/global/networks/example-vpc",
            "private_ip_google_access": true,
            "project": "axial-radius-249202",
            "region": "us-west1",
            "secondary_ip_range": [],
            "self_link": "https://www.googleapis.com/compute/v1/projects/axial-radius-249202/regions/us-west1/subnetworks/subnet-02",
            "timeouts": null
          },
          "private": "eyJlMmJmYjczMC1lY2FhLTExZTYtOGY4OC0zNDM2M2JjN2M0YzAiOnsiY3JlYXRlIjozNjAwMDAwMDAwMDAsImRlbGV0ZSI6MzYwMDAwMDAwMDAwLCJ1cGRhdGUiOjM2MDAwMDAwMDAwMH19"
        },
        {
          "index_key": "us-west1/subnet-03",
          "schema_version": 0,
          "attributes": {
            "creation_timestamp": "2020-02-05T03:16:19.086-08:00",
            "description": "",
            "enable_flow_logs": null,
            "fingerprint": null,
            "gateway_address": "10.10.30.1",
            "id": "projects/axial-radius-249202/regions/us-west1/subnetworks/subnet-03",
            "ip_cidr_range": "10.10.30.0/24",
            "log_config": [
              {
                "aggregation_interval": "INTERVAL_10_MIN",
                "flow_sampling": 0.7,
                "metadata": "INCLUDE_ALL_METADATA"
              }
            ],
            "name": "subnet-03",
            "network": "https://www.googleapis.com/compute/v1/projects/axial-radius-249202/global/networks/example-vpc",
            "private_ip_google_access": false,
            "project": "axial-radius-249202",
            "region": "us-west1",
            "secondary_ip_range": [],
            "self_link": "https://www.googleapis.com/compute/v1/projects/axial-radius-249202/regions/us-west1/subnetworks/subnet-03",
            "timeouts": null
          },
          "private": "eyJlMmJmYjczMC1lY2FhLTExZTYtOGY4OC0zNDM2M2JjN2M0YzAiOnsiY3JlYXRlIjozNjAwMDAwMDAwMDAsImRlbGV0ZSI6MzYwMDAwMDAwMDAwLCJ1cGRhdGUiOjM2MDAwMDAwMDAwMH19"
        }
      ]
    },
    {
      "module": "module.vpc.module.routes",
      "mode": "managed",
      "type": "null_resource",
      "name": "delete_default_internet_gateway_routes",
      "each": "list",
      "provider": "provider.null",
      "instances": []
    }
  ]
}
